
Microsoft Visual Studio Solution File, Format Version 12.00
# Visual Studio 2012
Project("{FAE04EC0-301F-11D3-BF4B-00C04F79EFBC}") = "E-Commerce", "E-Commerce\E-Commerce.csproj", "{35EF2C7A-AE9A-496E-83EF-BEA70E272CED}"
EndProject
Global
	GlobalSection(TeamFoundationVersionControl) = preSolution
		SccNumberOfProjects = 2
		SccEnterpriseProvider = {4CA58AB2-18FA-4F8D-95D4-32DDF27D184C}
		SccTeamFoundationServer = https://muneebzulfiqar.visualstudio.com/defaultcollection
		SccLocalPath0 = .
		SccProjectUniqueName1 = E-Commerce\\E-Commerce.csproj
		SccProjectName1 = E-Commerce
		SccLocalPath1 = E-Commerce
	EndGlobalSection
	GlobalSection(SolutionConfigurationPlatforms) = preSolution
		Debug|Any CPU = Debug|Any CPU
		Release|Any CPU = Release|Any CPU
	EndGlobalSection
	GlobalSection(ProjectConfigurationPlatforms) = postSolution
		{35EF2C7A-AE9A-496E-83EF-BEA70E272CED}.Debug|Any CPU.ActiveCfg = Debug|Any CPU
		{35EF2C7A-AE9A-496E-83EF-BEA70E272CED}.Debug|Any CPU.Build.0 = Debug|Any CPU
		{35EF2C7A-AE9A-496E-83EF-BEA70E272CED}.Release|Any CPU.ActiveCfg = Release|Any CPU
		{35EF2C7A-AE9A-496E-83EF-BEA70E272CED}.Release|Any CPU.Build.0 = Release|Any CPU
	EndGlobalSection
	GlobalSection(SolutionProperties) = preSolution
		HideSolutionNode = FALSE
	EndGlobalSection
EndGlobal
